// !$*UTF8*$!
{
	archiveVersion = 1;
	classes = {
	};
	objectVersion = 46;
	objects = {

/* Begin PBXAggregateTarget section */
		"portaudio::portaudioPackageTests::ProductTarget" /* portaudioPackageTests */ = {
			isa = PBXAggregateTarget;
			buildConfigurationList = OBJ_103 /* Build configuration list for PBXAggregateTarget "portaudioPackageTests" */;
			buildPhases = (
			);
			dependencies = (
				OBJ_106 /* PBXTargetDependency */,
			);
			name = portaudioPackageTests;
			productName = portaudioPackageTests;
		};
/* End PBXAggregateTarget section */

/* Begin PBXBuildFile section */
		4635FCF524B8B4D500129EB1 /* portaudio+stream.swift in Sources */ = {isa = PBXBuildFile; fileRef = 4635FCF424B8B4D500129EB1 /* portaudio+stream.swift */; };
		OBJ_101 /* Package.swift in Sources */ = {isa = PBXBuildFile; fileRef = OBJ_6 /* Package.swift */; };
		OBJ_112 /* XCTestManifests.swift in Sources */ = {isa = PBXBuildFile; fileRef = OBJ_56 /* XCTestManifests.swift */; };
		OBJ_113 /* portaudioTests.swift in Sources */ = {isa = PBXBuildFile; fileRef = OBJ_57 /* portaudioTests.swift */; };
		OBJ_115 /* portaudio.framework in Frameworks */ = {isa = PBXBuildFile; fileRef = "portaudio::portaudio::Product" /* portaudio.framework */; };
		OBJ_116 /* libportaudio.framework in Frameworks */ = {isa = PBXBuildFile; fileRef = "portaudio::libportaudio::Product" /* libportaudio.framework */; };
		OBJ_69 /* pa_linux_alsa.c in Sources */ = {isa = PBXBuildFile; fileRef = OBJ_11 /* pa_linux_alsa.c */; };
		OBJ_70 /* pa_mac_core.c in Sources */ = {isa = PBXBuildFile; fileRef = OBJ_13 /* pa_mac_core.c */; };
		OBJ_71 /* pa_mac_core_blocking.c in Sources */ = {isa = PBXBuildFile; fileRef = OBJ_14 /* pa_mac_core_blocking.c */; };
		OBJ_72 /* pa_mac_core_utilities.c in Sources */ = {isa = PBXBuildFile; fileRef = OBJ_15 /* pa_mac_core_utilities.c */; };
		OBJ_73 /* pa_allocation.c in Sources */ = {isa = PBXBuildFile; fileRef = OBJ_17 /* pa_allocation.c */; };
		OBJ_74 /* pa_converters.c in Sources */ = {isa = PBXBuildFile; fileRef = OBJ_18 /* pa_converters.c */; };
		OBJ_75 /* pa_cpuload.c in Sources */ = {isa = PBXBuildFile; fileRef = OBJ_19 /* pa_cpuload.c */; };
		OBJ_76 /* pa_debugprint.c in Sources */ = {isa = PBXBuildFile; fileRef = OBJ_20 /* pa_debugprint.c */; };
		OBJ_77 /* pa_dither.c in Sources */ = {isa = PBXBuildFile; fileRef = OBJ_21 /* pa_dither.c */; };
		OBJ_78 /* pa_front.c in Sources */ = {isa = PBXBuildFile; fileRef = OBJ_22 /* pa_front.c */; };
		OBJ_79 /* pa_process.c in Sources */ = {isa = PBXBuildFile; fileRef = OBJ_23 /* pa_process.c */; };
		OBJ_80 /* pa_ringbuffer.c in Sources */ = {isa = PBXBuildFile; fileRef = OBJ_24 /* pa_ringbuffer.c */; };
		OBJ_81 /* pa_stream.c in Sources */ = {isa = PBXBuildFile; fileRef = OBJ_25 /* pa_stream.c */; };
		OBJ_82 /* pa_trace.c in Sources */ = {isa = PBXBuildFile; fileRef = OBJ_26 /* pa_trace.c */; };
		OBJ_83 /* pa_unix_hostapis.c in Sources */ = {isa = PBXBuildFile; fileRef = OBJ_49 /* pa_unix_hostapis.c */; };
		OBJ_84 /* pa_unix_util.c in Sources */ = {isa = PBXBuildFile; fileRef = OBJ_50 /* pa_unix_util.c */; };
		OBJ_91 /* portaudio+print.swift in Sources */ = {isa = PBXBuildFile; fileRef = OBJ_52 /* portaudio+print.swift */; };
		OBJ_92 /* portaudio.swift in Sources */ = {isa = PBXBuildFile; fileRef = OBJ_53 /* portaudio.swift */; };
		OBJ_94 /* libportaudio.framework in Frameworks */ = {isa = PBXBuildFile; fileRef = "portaudio::libportaudio::Product" /* libportaudio.framework */; };
/* End PBXBuildFile section */

/* Begin PBXContainerItemProxy section */
		4635FCEF24B8AD5B00129EB1 /* PBXContainerItemProxy */ = {
			isa = PBXContainerItemProxy;
			containerPortal = OBJ_1 /* Project object */;
			proxyType = 1;
			remoteGlobalIDString = "portaudio::libportaudio";
			remoteInfo = libportaudio;
		};
		4635FCF024B8AD5C00129EB1 /* PBXContainerItemProxy */ = {
			isa = PBXContainerItemProxy;
			containerPortal = OBJ_1 /* Project object */;
			proxyType = 1;
			remoteGlobalIDString = "portaudio::portaudio";
			remoteInfo = portaudio;
		};
		4635FCF124B8AD5C00129EB1 /* PBXContainerItemProxy */ = {
			isa = PBXContainerItemProxy;
			containerPortal = OBJ_1 /* Project object */;
			proxyType = 1;
			remoteGlobalIDString = "portaudio::libportaudio";
			remoteInfo = libportaudio;
		};
		4635FCF224B8AD5D00129EB1 /* PBXContainerItemProxy */ = {
			isa = PBXContainerItemProxy;
			containerPortal = OBJ_1 /* Project object */;
			proxyType = 1;
			remoteGlobalIDString = "portaudio::portaudioTests";
			remoteInfo = portaudioTests;
		};
/* End PBXContainerItemProxy section */

/* Begin PBXFileReference section */
		4635FCF424B8B4D500129EB1 /* portaudio+stream.swift */ = {isa = PBXFileReference; fileEncoding = 4; lastKnownFileType = sourcecode.swift; path = "portaudio+stream.swift"; sourceTree = "<group>"; };
		OBJ_11 /* pa_linux_alsa.c */ = {isa = PBXFileReference; lastKnownFileType = sourcecode.c.c; path = pa_linux_alsa.c; sourceTree = "<group>"; };
		OBJ_13 /* pa_mac_core.c */ = {isa = PBXFileReference; lastKnownFileType = sourcecode.c.c; path = pa_mac_core.c; sourceTree = "<group>"; };
		OBJ_14 /* pa_mac_core_blocking.c */ = {isa = PBXFileReference; lastKnownFileType = sourcecode.c.c; path = pa_mac_core_blocking.c; sourceTree = "<group>"; };
		OBJ_15 /* pa_mac_core_utilities.c */ = {isa = PBXFileReference; lastKnownFileType = sourcecode.c.c; path = pa_mac_core_utilities.c; sourceTree = "<group>"; };
		OBJ_17 /* pa_allocation.c */ = {isa = PBXFileReference; lastKnownFileType = sourcecode.c.c; path = pa_allocation.c; sourceTree = "<group>"; };
		OBJ_18 /* pa_converters.c */ = {isa = PBXFileReference; lastKnownFileType = sourcecode.c.c; path = pa_converters.c; sourceTree = "<group>"; };
		OBJ_19 /* pa_cpuload.c */ = {isa = PBXFileReference; lastKnownFileType = sourcecode.c.c; path = pa_cpuload.c; sourceTree = "<group>"; };
		OBJ_20 /* pa_debugprint.c */ = {isa = PBXFileReference; lastKnownFileType = sourcecode.c.c; path = pa_debugprint.c; sourceTree = "<group>"; };
		OBJ_21 /* pa_dither.c */ = {isa = PBXFileReference; lastKnownFileType = sourcecode.c.c; path = pa_dither.c; sourceTree = "<group>"; };
		OBJ_22 /* pa_front.c */ = {isa = PBXFileReference; lastKnownFileType = sourcecode.c.c; path = pa_front.c; sourceTree = "<group>"; };
		OBJ_23 /* pa_process.c */ = {isa = PBXFileReference; lastKnownFileType = sourcecode.c.c; path = pa_process.c; sourceTree = "<group>"; };
		OBJ_24 /* pa_ringbuffer.c */ = {isa = PBXFileReference; lastKnownFileType = sourcecode.c.c; path = pa_ringbuffer.c; sourceTree = "<group>"; };
		OBJ_25 /* pa_stream.c */ = {isa = PBXFileReference; lastKnownFileType = sourcecode.c.c; path = pa_stream.c; sourceTree = "<group>"; };
		OBJ_26 /* pa_trace.c */ = {isa = PBXFileReference; lastKnownFileType = sourcecode.c.c; path = pa_trace.c; sourceTree = "<group>"; };
		OBJ_27 /* pa_allocation.h */ = {isa = PBXFileReference; lastKnownFileType = sourcecode.c.h; path = pa_allocation.h; sourceTree = "<group>"; };
		OBJ_28 /* pa_converters.h */ = {isa = PBXFileReference; lastKnownFileType = sourcecode.c.h; path = pa_converters.h; sourceTree = "<group>"; };
		OBJ_29 /* pa_cpuload.h */ = {isa = PBXFileReference; lastKnownFileType = sourcecode.c.h; path = pa_cpuload.h; sourceTree = "<group>"; };
		OBJ_30 /* pa_debugprint.h */ = {isa = PBXFileReference; lastKnownFileType = sourcecode.c.h; path = pa_debugprint.h; sourceTree = "<group>"; };
		OBJ_31 /* pa_dither.h */ = {isa = PBXFileReference; lastKnownFileType = sourcecode.c.h; path = pa_dither.h; sourceTree = "<group>"; };
		OBJ_32 /* pa_endianness.h */ = {isa = PBXFileReference; lastKnownFileType = sourcecode.c.h; path = pa_endianness.h; sourceTree = "<group>"; };
		OBJ_33 /* pa_gitrevision.h */ = {isa = PBXFileReference; lastKnownFileType = sourcecode.c.h; path = pa_gitrevision.h; sourceTree = "<group>"; };
		OBJ_34 /* pa_hostapi.h */ = {isa = PBXFileReference; lastKnownFileType = sourcecode.c.h; path = pa_hostapi.h; sourceTree = "<group>"; };
		OBJ_35 /* pa_linux_alsa.h */ = {isa = PBXFileReference; lastKnownFileType = sourcecode.c.h; path = pa_linux_alsa.h; sourceTree = "<group>"; };
		OBJ_36 /* pa_mac_core.h */ = {isa = PBXFileReference; lastKnownFileType = sourcecode.c.h; path = pa_mac_core.h; sourceTree = "<group>"; };
		OBJ_37 /* pa_memorybarrier.h */ = {isa = PBXFileReference; lastKnownFileType = sourcecode.c.h; path = pa_memorybarrier.h; sourceTree = "<group>"; };
		OBJ_38 /* pa_process.h */ = {isa = PBXFileReference; lastKnownFileType = sourcecode.c.h; path = pa_process.h; sourceTree = "<group>"; };
		OBJ_39 /* pa_ringbuffer.h */ = {isa = PBXFileReference; lastKnownFileType = sourcecode.c.h; path = pa_ringbuffer.h; sourceTree = "<group>"; };
		OBJ_40 /* pa_stream.h */ = {isa = PBXFileReference; lastKnownFileType = sourcecode.c.h; path = pa_stream.h; sourceTree = "<group>"; };
		OBJ_41 /* pa_trace.h */ = {isa = PBXFileReference; lastKnownFileType = sourcecode.c.h; path = pa_trace.h; sourceTree = "<group>"; };
		OBJ_42 /* pa_types.h */ = {isa = PBXFileReference; lastKnownFileType = sourcecode.c.h; path = pa_types.h; sourceTree = "<group>"; };
		OBJ_43 /* pa_unix_util.h */ = {isa = PBXFileReference; lastKnownFileType = sourcecode.c.h; path = pa_unix_util.h; sourceTree = "<group>"; };
		OBJ_44 /* pa_util.h */ = {isa = PBXFileReference; lastKnownFileType = sourcecode.c.h; path = pa_util.h; sourceTree = "<group>"; };
		OBJ_45 /* portaudio.h */ = {isa = PBXFileReference; lastKnownFileType = sourcecode.c.h; path = portaudio.h; sourceTree = "<group>"; };
		OBJ_46 /* module.modulemap */ = {isa = PBXFileReference; lastKnownFileType = "sourcecode.module-map"; name = module.modulemap; path = "/Volumes/Development/Development/chimerasw2/portaudio-swift/portaudio.xcodeproj/GeneratedModuleMap/libportaudio/module.modulemap"; sourceTree = "<group>"; };
		OBJ_49 /* pa_unix_hostapis.c */ = {isa = PBXFileReference; lastKnownFileType = sourcecode.c.c; path = pa_unix_hostapis.c; sourceTree = "<group>"; };
		OBJ_50 /* pa_unix_util.c */ = {isa = PBXFileReference; lastKnownFileType = sourcecode.c.c; path = pa_unix_util.c; sourceTree = "<group>"; };
		OBJ_52 /* portaudio+print.swift */ = {isa = PBXFileReference; lastKnownFileType = sourcecode.swift; path = "portaudio+print.swift"; sourceTree = "<group>"; };
		OBJ_53 /* portaudio.swift */ = {isa = PBXFileReference; lastKnownFileType = sourcecode.swift; path = portaudio.swift; sourceTree = "<group>"; };
		OBJ_56 /* XCTestManifests.swift */ = {isa = PBXFileReference; lastKnownFileType = sourcecode.swift; path = XCTestManifests.swift; sourceTree = "<group>"; };
		OBJ_57 /* portaudioTests.swift */ = {isa = PBXFileReference; lastKnownFileType = sourcecode.swift; path = portaudioTests.swift; sourceTree = "<group>"; };
		OBJ_6 /* Package.swift */ = {isa = PBXFileReference; explicitFileType = sourcecode.swift; path = Package.swift; sourceTree = "<group>"; };
		OBJ_62 /* Makefile */ = {isa = PBXFileReference; lastKnownFileType = sourcecode.make; path = Makefile; sourceTree = "<group>"; };
		OBJ_63 /* README.md */ = {isa = PBXFileReference; lastKnownFileType = net.daringfireball.markdown; path = README.md; sourceTree = "<group>"; };
		"portaudio::libportaudio::Product" /* libportaudio.framework */ = {isa = PBXFileReference; lastKnownFileType = wrapper.framework; path = libportaudio.framework; sourceTree = BUILT_PRODUCTS_DIR; };
		"portaudio::portaudio::Product" /* portaudio.framework */ = {isa = PBXFileReference; lastKnownFileType = wrapper.framework; path = portaudio.framework; sourceTree = BUILT_PRODUCTS_DIR; };
		"portaudio::portaudioTests::Product" /* portaudioTests.xctest */ = {isa = PBXFileReference; lastKnownFileType = file; path = portaudioTests.xctest; sourceTree = BUILT_PRODUCTS_DIR; };
/* End PBXFileReference section */

/* Begin PBXFrameworksBuildPhase section */
		OBJ_114 /* Frameworks */ = {
			isa = PBXFrameworksBuildPhase;
			buildActionMask = 0;
			files = (
				OBJ_115 /* portaudio.framework in Frameworks */,
				OBJ_116 /* libportaudio.framework in Frameworks */,
			);
			runOnlyForDeploymentPostprocessing = 0;
		};
		OBJ_85 /* Frameworks */ = {
			isa = PBXFrameworksBuildPhase;
			buildActionMask = 0;
			files = (
			);
			runOnlyForDeploymentPostprocessing = 0;
		};
		OBJ_93 /* Frameworks */ = {
			isa = PBXFrameworksBuildPhase;
			buildActionMask = 0;
			files = (
				OBJ_94 /* libportaudio.framework in Frameworks */,
			);
			runOnlyForDeploymentPostprocessing = 0;
		};
/* End PBXFrameworksBuildPhase section */

/* Begin PBXGroup section */
		OBJ_10 /* alsa */ = {
			isa = PBXGroup;
			children = (
				OBJ_11 /* pa_linux_alsa.c */,
			);
			path = alsa;
			sourceTree = "<group>";
		};
		OBJ_12 /* coreaudio */ = {
			isa = PBXGroup;
			children = (
				OBJ_13 /* pa_mac_core.c */,
				OBJ_14 /* pa_mac_core_blocking.c */,
				OBJ_15 /* pa_mac_core_utilities.c */,
			);
			path = coreaudio;
			sourceTree = "<group>";
		};
		OBJ_16 /* include */ = {
			isa = PBXGroup;
			children = (
				OBJ_17 /* pa_allocation.c */,
				OBJ_18 /* pa_converters.c */,
				OBJ_19 /* pa_cpuload.c */,
				OBJ_20 /* pa_debugprint.c */,
				OBJ_21 /* pa_dither.c */,
				OBJ_22 /* pa_front.c */,
				OBJ_23 /* pa_process.c */,
				OBJ_24 /* pa_ringbuffer.c */,
				OBJ_25 /* pa_stream.c */,
				OBJ_26 /* pa_trace.c */,
				OBJ_27 /* pa_allocation.h */,
				OBJ_28 /* pa_converters.h */,
				OBJ_29 /* pa_cpuload.h */,
				OBJ_30 /* pa_debugprint.h */,
				OBJ_31 /* pa_dither.h */,
				OBJ_32 /* pa_endianness.h */,
				OBJ_33 /* pa_gitrevision.h */,
				OBJ_34 /* pa_hostapi.h */,
				OBJ_35 /* pa_linux_alsa.h */,
				OBJ_36 /* pa_mac_core.h */,
				OBJ_37 /* pa_memorybarrier.h */,
				OBJ_38 /* pa_process.h */,
				OBJ_39 /* pa_ringbuffer.h */,
				OBJ_40 /* pa_stream.h */,
				OBJ_41 /* pa_trace.h */,
				OBJ_42 /* pa_types.h */,
				OBJ_43 /* pa_unix_util.h */,
				OBJ_44 /* pa_util.h */,
				OBJ_45 /* portaudio.h */,
				OBJ_46 /* module.modulemap */,
			);
			path = include;
			sourceTree = "<group>";
		};
		OBJ_47 /* os */ = {
			isa = PBXGroup;
			children = (
				OBJ_48 /* unix */,
			);
			path = os;
			sourceTree = "<group>";
		};
		OBJ_48 /* unix */ = {
			isa = PBXGroup;
			children = (
				OBJ_49 /* pa_unix_hostapis.c */,
				OBJ_50 /* pa_unix_util.c */,
			);
			path = unix;
			sourceTree = "<group>";
		};
		OBJ_5 /*  */ = {
			isa = PBXGroup;
			children = (
				OBJ_6 /* Package.swift */,
				OBJ_7 /* Sources */,
				OBJ_54 /* Tests */,
				OBJ_58 /* Products */,
				OBJ_62 /* Makefile */,
				OBJ_63 /* README.md */,
			);
			name = "";
			sourceTree = "<group>";
		};
		OBJ_51 /* portaudio */ = {
			isa = PBXGroup;
			children = (
				OBJ_52 /* portaudio+print.swift */,
				4635FCF424B8B4D500129EB1 /* portaudio+stream.swift */,
				OBJ_53 /* portaudio.swift */,
			);
			name = portaudio;
			path = Sources/portaudio;
			sourceTree = SOURCE_ROOT;
		};
		OBJ_54 /* Tests */ = {
			isa = PBXGroup;
			children = (
				OBJ_55 /* portaudioTests */,
			);
			name = Tests;
			sourceTree = SOURCE_ROOT;
		};
		OBJ_55 /* portaudioTests */ = {
			isa = PBXGroup;
			children = (
				OBJ_56 /* XCTestManifests.swift */,
				OBJ_57 /* portaudioTests.swift */,
			);
			name = portaudioTests;
			path = Tests/portaudioTests;
			sourceTree = SOURCE_ROOT;
		};
		OBJ_58 /* Products */ = {
			isa = PBXGroup;
			children = (
				"portaudio::portaudioTests::Product" /* portaudioTests.xctest */,
				"portaudio::portaudio::Product" /* portaudio.framework */,
				"portaudio::libportaudio::Product" /* libportaudio.framework */,
			);
			name = Products;
			sourceTree = BUILT_PRODUCTS_DIR;
		};
		OBJ_7 /* Sources */ = {
			isa = PBXGroup;
			children = (
				OBJ_8 /* libportaudio */,
				OBJ_51 /* portaudio */,
			);
			name = Sources;
			sourceTree = SOURCE_ROOT;
		};
		OBJ_8 /* libportaudio */ = {
			isa = PBXGroup;
			children = (
				OBJ_9 /* hostapi */,
				OBJ_16 /* include */,
				OBJ_47 /* os */,
			);
			name = libportaudio;
			path = Sources/libportaudio;
			sourceTree = SOURCE_ROOT;
		};
		OBJ_9 /* hostapi */ = {
			isa = PBXGroup;
			children = (
				OBJ_10 /* alsa */,
				OBJ_12 /* coreaudio */,
			);
			path = hostapi;
			sourceTree = "<group>";
		};
/* End PBXGroup section */

/* Begin PBXNativeTarget section */
		"portaudio::SwiftPMPackageDescription" /* portaudioPackageDescription */ = {
			isa = PBXNativeTarget;
			buildConfigurationList = OBJ_97 /* Build configuration list for PBXNativeTarget "portaudioPackageDescription" */;
			buildPhases = (
				4635FCF324B8AD6900129EB1 /* SwiftLint */,
				OBJ_100 /* Sources */,
			);
			buildRules = (
			);
			dependencies = (
			);
			name = portaudioPackageDescription;
			productName = portaudioPackageDescription;
			productType = "com.apple.product-type.framework";
		};
		"portaudio::libportaudio" /* libportaudio */ = {
			isa = PBXNativeTarget;
			buildConfigurationList = OBJ_65 /* Build configuration list for PBXNativeTarget "libportaudio" */;
			buildPhases = (
				OBJ_68 /* Sources */,
				OBJ_85 /* Frameworks */,
			);
			buildRules = (
			);
			dependencies = (
			);
			name = libportaudio;
			productName = libportaudio;
			productReference = "portaudio::libportaudio::Product" /* libportaudio.framework */;
			productType = "com.apple.product-type.framework";
		};
		"portaudio::portaudio" /* portaudio */ = {
			isa = PBXNativeTarget;
			buildConfigurationList = OBJ_87 /* Build configuration list for PBXNativeTarget "portaudio" */;
			buildPhases = (
				OBJ_90 /* Sources */,
				OBJ_93 /* Frameworks */,
			);
			buildRules = (
			);
			dependencies = (
				OBJ_95 /* PBXTargetDependency */,
			);
			name = portaudio;
			productName = portaudio;
			productReference = "portaudio::portaudio::Product" /* portaudio.framework */;
			productType = "com.apple.product-type.framework";
		};
		"portaudio::portaudioTests" /* portaudioTests */ = {
			isa = PBXNativeTarget;
			buildConfigurationList = OBJ_108 /* Build configuration list for PBXNativeTarget "portaudioTests" */;
			buildPhases = (
				OBJ_111 /* Sources */,
				OBJ_114 /* Frameworks */,
			);
			buildRules = (
			);
			dependencies = (
				OBJ_117 /* PBXTargetDependency */,
				OBJ_118 /* PBXTargetDependency */,
			);
			name = portaudioTests;
			productName = portaudioTests;
			productReference = "portaudio::portaudioTests::Product" /* portaudioTests.xctest */;
			productType = "com.apple.product-type.bundle.unit-test";
		};
/* End PBXNativeTarget section */

/* Begin PBXProject section */
		OBJ_1 /* Project object */ = {
			isa = PBXProject;
			attributes = {
				LastSwiftMigration = 9999;
				LastUpgradeCheck = 9999;
			};
			buildConfigurationList = OBJ_2 /* Build configuration list for PBXProject "portaudio" */;
			compatibilityVersion = "Xcode 3.2";
			developmentRegion = en;
			hasScannedForEncodings = 0;
			knownRegions = (
				en,
			);
			mainGroup = OBJ_5 /*  */;
			productRefGroup = OBJ_58 /* Products */;
			projectDirPath = "";
			projectRoot = "";
			targets = (
				"portaudio::libportaudio" /* libportaudio */,
				"portaudio::portaudio" /* portaudio */,
				"portaudio::SwiftPMPackageDescription" /* portaudioPackageDescription */,
				"portaudio::portaudioPackageTests::ProductTarget" /* portaudioPackageTests */,
				"portaudio::portaudioTests" /* portaudioTests */,
			);
		};
/* End PBXProject section */

/* Begin PBXShellScriptBuildPhase section */
		4635FCF324B8AD6900129EB1 /* SwiftLint */ = {
			isa = PBXShellScriptBuildPhase;
			buildActionMask = 2147483647;
			files = (
			);
			inputFileListPaths = (
			);
			inputPaths = (
			);
			name = SwiftLint;
			outputFileListPaths = (
			);
			outputPaths = (
			);
			runOnlyForDeploymentPostprocessing = 0;
			shellPath = /bin/sh;
			shellScript = "if which swiftlint >/dev/null; then\n  swiftlint autocorrect\n  swiftlint\nelse\n  echo \"warning: SwiftLint not installed, download from https://github.com/realm/SwiftLint\"\nfi\n\n";
		};
/* End PBXShellScriptBuildPhase section */

/* Begin PBXSourcesBuildPhase section */
		OBJ_100 /* Sources */ = {
			isa = PBXSourcesBuildPhase;
			buildActionMask = 0;
			files = (
				OBJ_101 /* Package.swift in Sources */,
			);
			runOnlyForDeploymentPostprocessing = 0;
		};
		OBJ_111 /* Sources */ = {
			isa = PBXSourcesBuildPhase;
			buildActionMask = 0;
			files = (
				OBJ_112 /* XCTestManifests.swift in Sources */,
				OBJ_113 /* portaudioTests.swift in Sources */,
			);
			runOnlyForDeploymentPostprocessing = 0;
		};
		OBJ_68 /* Sources */ = {
			isa = PBXSourcesBuildPhase;
			buildActionMask = 0;
			files = (
				OBJ_69 /* pa_linux_alsa.c in Sources */,
				OBJ_70 /* pa_mac_core.c in Sources */,
				OBJ_71 /* pa_mac_core_blocking.c in Sources */,
				OBJ_72 /* pa_mac_core_utilities.c in Sources */,
				OBJ_73 /* pa_allocation.c in Sources */,
				OBJ_74 /* pa_converters.c in Sources */,
				OBJ_75 /* pa_cpuload.c in Sources */,
				OBJ_76 /* pa_debugprint.c in Sources */,
				OBJ_77 /* pa_dither.c in Sources */,
				OBJ_78 /* pa_front.c in Sources */,
				OBJ_79 /* pa_process.c in Sources */,
				OBJ_80 /* pa_ringbuffer.c in Sources */,
				OBJ_81 /* pa_stream.c in Sources */,
				OBJ_82 /* pa_trace.c in Sources */,
				OBJ_83 /* pa_unix_hostapis.c in Sources */,
				OBJ_84 /* pa_unix_util.c in Sources */,
			);
			runOnlyForDeploymentPostprocessing = 0;
		};
		OBJ_90 /* Sources */ = {
			isa = PBXSourcesBuildPhase;
			buildActionMask = 0;
			files = (
				4635FCF524B8B4D500129EB1 /* portaudio+stream.swift in Sources */,
				OBJ_91 /* portaudio+print.swift in Sources */,
				OBJ_92 /* portaudio.swift in Sources */,
			);
			runOnlyForDeploymentPostprocessing = 0;
		};
/* End PBXSourcesBuildPhase section */

/* Begin PBXTargetDependency section */
		OBJ_106 /* PBXTargetDependency */ = {
			isa = PBXTargetDependency;
			target = "portaudio::portaudioTests" /* portaudioTests */;
			targetProxy = 4635FCF224B8AD5D00129EB1 /* PBXContainerItemProxy */;
		};
		OBJ_117 /* PBXTargetDependency */ = {
			isa = PBXTargetDependency;
			target = "portaudio::portaudio" /* portaudio */;
			targetProxy = 4635FCF024B8AD5C00129EB1 /* PBXContainerItemProxy */;
		};
		OBJ_118 /* PBXTargetDependency */ = {
			isa = PBXTargetDependency;
			target = "portaudio::libportaudio" /* libportaudio */;
			targetProxy = 4635FCF124B8AD5C00129EB1 /* PBXContainerItemProxy */;
		};
		OBJ_95 /* PBXTargetDependency */ = {
			isa = PBXTargetDependency;
			target = "portaudio::libportaudio" /* libportaudio */;
			targetProxy = 4635FCEF24B8AD5B00129EB1 /* PBXContainerItemProxy */;
		};
/* End PBXTargetDependency section */

/* Begin XCBuildConfiguration section */
		OBJ_104 /* Debug */ = {
			isa = XCBuildConfiguration;
			buildSettings = {
			};
			name = Debug;
		};
		OBJ_105 /* Release */ = {
			isa = XCBuildConfiguration;
			buildSettings = {
			};
			name = Release;
		};
		OBJ_109 /* Debug */ = {
			isa = XCBuildConfiguration;
			buildSettings = {
				CLANG_ENABLE_MODULES = YES;
				EMBEDDED_CONTENT_CONTAINS_SWIFT = YES;
				FRAMEWORK_SEARCH_PATHS = (
					"$(inherited)",
					"$(PLATFORM_DIR)/Developer/Library/Frameworks",
				);
				HEADER_SEARCH_PATHS = (
					"$(inherited)",
					"$(SRCROOT)/Sources/libportaudio/include",
					"$(SRCROOT)/portaudio.xcodeproj/GeneratedModuleMap/libportaudio",
				);
				INFOPLIST_FILE = portaudio.xcodeproj/portaudioTests_Info.plist;
				IPHONEOS_DEPLOYMENT_TARGET = 8.0;
				LD_RUNPATH_SEARCH_PATHS = "$(inherited) @loader_path/../Frameworks @loader_path/Frameworks";
				MACOSX_DEPLOYMENT_TARGET = 10.10;
				OTHER_CFLAGS = "$(inherited)";
				OTHER_LDFLAGS = "$(inherited)";
				OTHER_SWIFT_FLAGS = "$(inherited) -Xcc -fmodule-map-file=$(SRCROOT)/portaudio.xcodeproj/GeneratedModuleMap/libportaudio/module.modulemap";
				SWIFT_ACTIVE_COMPILATION_CONDITIONS = "$(inherited)";
				SWIFT_VERSION = 5.0;
				TARGET_NAME = portaudioTests;
				TVOS_DEPLOYMENT_TARGET = 9.0;
				WATCHOS_DEPLOYMENT_TARGET = 2.0;
			};
			name = Debug;
		};
		OBJ_110 /* Release */ = {
			isa = XCBuildConfiguration;
			buildSettings = {
				CLANG_ENABLE_MODULES = YES;
				EMBEDDED_CONTENT_CONTAINS_SWIFT = YES;
				FRAMEWORK_SEARCH_PATHS = (
					"$(inherited)",
					"$(PLATFORM_DIR)/Developer/Library/Frameworks",
				);
				HEADER_SEARCH_PATHS = (
					"$(inherited)",
					"$(SRCROOT)/Sources/libportaudio/include",
					"$(SRCROOT)/portaudio.xcodeproj/GeneratedModuleMap/libportaudio",
				);
				INFOPLIST_FILE = portaudio.xcodeproj/portaudioTests_Info.plist;
				IPHONEOS_DEPLOYMENT_TARGET = 8.0;
				LD_RUNPATH_SEARCH_PATHS = "$(inherited) @loader_path/../Frameworks @loader_path/Frameworks";
				MACOSX_DEPLOYMENT_TARGET = 10.10;
				OTHER_CFLAGS = "$(inherited)";
				OTHER_LDFLAGS = "$(inherited)";
				OTHER_SWIFT_FLAGS = "$(inherited) -Xcc -fmodule-map-file=$(SRCROOT)/portaudio.xcodeproj/GeneratedModuleMap/libportaudio/module.modulemap";
				SWIFT_ACTIVE_COMPILATION_CONDITIONS = "$(inherited)";
				SWIFT_VERSION = 5.0;
				TARGET_NAME = portaudioTests;
				TVOS_DEPLOYMENT_TARGET = 9.0;
				WATCHOS_DEPLOYMENT_TARGET = 2.0;
			};
			name = Release;
		};
		OBJ_3 /* Debug */ = {
			isa = XCBuildConfiguration;
			buildSettings = {
				CLANG_ENABLE_OBJC_ARC = YES;
				COMBINE_HIDPI_IMAGES = YES;
				COPY_PHASE_STRIP = NO;
				DEBUG_INFORMATION_FORMAT = dwarf;
				DYLIB_INSTALL_NAME_BASE = "@rpath";
				ENABLE_NS_ASSERTIONS = YES;
				GCC_OPTIMIZATION_LEVEL = 0;
				GCC_PREPROCESSOR_DEFINITIONS = (
					"$(inherited)",
					"SWIFT_PACKAGE=1",
					"DEBUG=1",
				);
				MACOSX_DEPLOYMENT_TARGET = 10.10;
				ONLY_ACTIVE_ARCH = YES;
				OTHER_SWIFT_FLAGS = "$(inherited) -DXcode";
				PRODUCT_NAME = "$(TARGET_NAME)";
				SDKROOT = macosx;
				SUPPORTED_PLATFORMS = "macosx iphoneos iphonesimulator appletvos appletvsimulator watchos watchsimulator";
				SWIFT_ACTIVE_COMPILATION_CONDITIONS = "$(inherited) SWIFT_PACKAGE DEBUG";
				SWIFT_OPTIMIZATION_LEVEL = "-Onone";
				USE_HEADERMAP = NO;
			};
			name = Debug;
		};
		OBJ_4 /* Release */ = {
			isa = XCBuildConfiguration;
			buildSettings = {
				CLANG_ENABLE_OBJC_ARC = YES;
				COMBINE_HIDPI_IMAGES = YES;
				COPY_PHASE_STRIP = YES;
				DEBUG_INFORMATION_FORMAT = "dwarf-with-dsym";
				DYLIB_INSTALL_NAME_BASE = "@rpath";
				GCC_OPTIMIZATION_LEVEL = s;
				GCC_PREPROCESSOR_DEFINITIONS = (
					"$(inherited)",
					"SWIFT_PACKAGE=1",
				);
				MACOSX_DEPLOYMENT_TARGET = 10.10;
				OTHER_SWIFT_FLAGS = "$(inherited) -DXcode";
				PRODUCT_NAME = "$(TARGET_NAME)";
				SDKROOT = macosx;
				SUPPORTED_PLATFORMS = "macosx iphoneos iphonesimulator appletvos appletvsimulator watchos watchsimulator";
				SWIFT_ACTIVE_COMPILATION_CONDITIONS = "$(inherited) SWIFT_PACKAGE";
				SWIFT_OPTIMIZATION_LEVEL = "-Owholemodule";
				USE_HEADERMAP = NO;
			};
			name = Release;
		};
		OBJ_66 /* Debug */ = {
			isa = XCBuildConfiguration;
			buildSettings = {
				DEFINES_MODULE = NO;
				ENABLE_TESTABILITY = YES;
				FRAMEWORK_SEARCH_PATHS = (
					"$(inherited)",
					"$(PLATFORM_DIR)/Developer/Library/Frameworks",
				);
				GCC_PREPROCESSOR_DEFINITIONS = PA_USE_COREAUDIO;
				HEADER_SEARCH_PATHS = (
					"$(inherited)",
					"$(SRCROOT)/Sources/libportaudio/include",
				);
				INFOPLIST_FILE = portaudio.xcodeproj/libportaudio_Info.plist;
				IPHONEOS_DEPLOYMENT_TARGET = 8.0;
				LD_RUNPATH_SEARCH_PATHS = "$(inherited) $(TOOLCHAIN_DIR)/usr/lib/swift/macosx";
				MACOSX_DEPLOYMENT_TARGET = 10.10;
				OTHER_CFLAGS = "$(inherited)";
				OTHER_LDFLAGS = (
					"$(inherited)",
					"-framework",
					CoreAudio,
					"-framework",
					CoreServices,
					"-framework",
					CoreFoundation,
					"-framework",
					AudioUnit,
					"-framework",
					AudioToolbox,
				);
				OTHER_SWIFT_FLAGS = "$(inherited)";
				PRODUCT_BUNDLE_IDENTIFIER = libportaudio;
				PRODUCT_MODULE_NAME = "$(TARGET_NAME:c99extidentifier)";
				PRODUCT_NAME = "$(TARGET_NAME:c99extidentifier)";
				SKIP_INSTALL = YES;
				SWIFT_ACTIVE_COMPILATION_CONDITIONS = "$(inherited)";
				TARGET_NAME = libportaudio;
				TVOS_DEPLOYMENT_TARGET = 9.0;
				WATCHOS_DEPLOYMENT_TARGET = 2.0;
			};
			name = Debug;
		};
		OBJ_67 /* Release */ = {
			isa = XCBuildConfiguration;
			buildSettings = {
				DEFINES_MODULE = NO;
				ENABLE_TESTABILITY = YES;
				FRAMEWORK_SEARCH_PATHS = (
					"$(inherited)",
					"$(PLATFORM_DIR)/Developer/Library/Frameworks",
				);
				GCC_PREPROCESSOR_DEFINITIONS = PA_USE_COREAUDIO;
				HEADER_SEARCH_PATHS = (
					"$(inherited)",
					"$(SRCROOT)/Sources/libportaudio/include",
				);
				INFOPLIST_FILE = portaudio.xcodeproj/libportaudio_Info.plist;
				IPHONEOS_DEPLOYMENT_TARGET = 8.0;
				LD_RUNPATH_SEARCH_PATHS = "$(inherited) $(TOOLCHAIN_DIR)/usr/lib/swift/macosx";
				MACOSX_DEPLOYMENT_TARGET = 10.10;
				OTHER_CFLAGS = "$(inherited)";
				OTHER_LDFLAGS = (
					"$(inherited)",
					"-framework",
					CoreAudio,
					"-framework",
					CoreServices,
					"-framework",
					CoreFoundation,
					"-framework",
					AudioUnit,
					"-framework",
					AudioToolbox,
				);
				OTHER_SWIFT_FLAGS = "$(inherited)";
				PRODUCT_BUNDLE_IDENTIFIER = libportaudio;
				PRODUCT_MODULE_NAME = "$(TARGET_NAME:c99extidentifier)";
				PRODUCT_NAME = "$(TARGET_NAME:c99extidentifier)";
				SKIP_INSTALL = YES;
				SWIFT_ACTIVE_COMPILATION_CONDITIONS = "$(inherited)";
				TARGET_NAME = libportaudio;
				TVOS_DEPLOYMENT_TARGET = 9.0;
				WATCHOS_DEPLOYMENT_TARGET = 2.0;
			};
			name = Release;
		};
		OBJ_88 /* Debug */ = {
			isa = XCBuildConfiguration;
			buildSettings = {
				ENABLE_TESTABILITY = YES;
				FRAMEWORK_SEARCH_PATHS = (
					"$(inherited)",
					"$(PLATFORM_DIR)/Developer/Library/Frameworks",
				);
				HEADER_SEARCH_PATHS = (
					"$(inherited)",
					"$(SRCROOT)/Sources/libportaudio/include",
					"$(SRCROOT)/portaudio.xcodeproj/GeneratedModuleMap/libportaudio",
				);
				INFOPLIST_FILE = portaudio.xcodeproj/portaudio_Info.plist;
				IPHONEOS_DEPLOYMENT_TARGET = 8.0;
				LD_RUNPATH_SEARCH_PATHS = "$(inherited) $(TOOLCHAIN_DIR)/usr/lib/swift/macosx";
				MACOSX_DEPLOYMENT_TARGET = 10.10;
				OTHER_CFLAGS = "$(inherited)";
				OTHER_LDFLAGS = "$(inherited)";
				OTHER_SWIFT_FLAGS = "$(inherited) -Xcc -fmodule-map-file=$(SRCROOT)/portaudio.xcodeproj/GeneratedModuleMap/libportaudio/module.modulemap";
				PRODUCT_BUNDLE_IDENTIFIER = portaudio;
				PRODUCT_MODULE_NAME = "$(TARGET_NAME:c99extidentifier)";
				PRODUCT_NAME = "$(TARGET_NAME:c99extidentifier)";
				SKIP_INSTALL = YES;
				SWIFT_ACTIVE_COMPILATION_CONDITIONS = "$(inherited)";
				SWIFT_VERSION = 5.0;
				TARGET_NAME = portaudio;
				TVOS_DEPLOYMENT_TARGET = 9.0;
				WATCHOS_DEPLOYMENT_TARGET = 2.0;
			};
			name = Debug;
		};
		OBJ_89 /* Release */ = {
			isa = XCBuildConfiguration;
			buildSettings = {
				ENABLE_TESTABILITY = YES;
				FRAMEWORK_SEARCH_PATHS = (
					"$(inherited)",
					"$(PLATFORM_DIR)/Developer/Library/Frameworks",
				);
				HEADER_SEARCH_PATHS = (
					"$(inherited)",
					"$(SRCROOT)/Sources/libportaudio/include",
					"$(SRCROOT)/portaudio.xcodeproj/GeneratedModuleMap/libportaudio",
				);
				INFOPLIST_FILE = portaudio.xcodeproj/portaudio_Info.plist;
				IPHONEOS_DEPLOYMENT_TARGET = 8.0;
				LD_RUNPATH_SEARCH_PATHS = "$(inherited) $(TOOLCHAIN_DIR)/usr/lib/swift/macosx";
				MACOSX_DEPLOYMENT_TARGET = 10.10;
				OTHER_CFLAGS = "$(inherited)";
				OTHER_LDFLAGS = "$(inherited)";
				OTHER_SWIFT_FLAGS = "$(inherited) -Xcc -fmodule-map-file=$(SRCROOT)/portaudio.xcodeproj/GeneratedModuleMap/libportaudio/module.modulemap";
				PRODUCT_BUNDLE_IDENTIFIER = portaudio;
				PRODUCT_MODULE_NAME = "$(TARGET_NAME:c99extidentifier)";
				PRODUCT_NAME = "$(TARGET_NAME:c99extidentifier)";
				SKIP_INSTALL = YES;
				SWIFT_ACTIVE_COMPILATION_CONDITIONS = "$(inherited)";
				SWIFT_VERSION = 5.0;
				TARGET_NAME = portaudio;
				TVOS_DEPLOYMENT_TARGET = 9.0;
				WATCHOS_DEPLOYMENT_TARGET = 2.0;
			};
			name = Release;
		};
		OBJ_98 /* Debug */ = {
			isa = XCBuildConfiguration;
			buildSettings = {
				LD = /usr/bin/true;
				OTHER_SWIFT_FLAGS = "-swift-version 5 -I $(TOOLCHAIN_DIR)/usr/lib/swift/pm/4_2 -target x86_64-apple-macosx10.10 -sdk /Applications/Xcode.app/Contents/Developer/Platforms/MacOSX.platform/Developer/SDKs/MacOSX10.15.sdk -package-description-version 5.2.0";
				SWIFT_VERSION = 5.0;
			};
			name = Debug;
		};
		OBJ_99 /* Release */ = {
			isa = XCBuildConfiguration;
			buildSettings = {
				LD = /usr/bin/true;
				OTHER_SWIFT_FLAGS = "-swift-version 5 -I $(TOOLCHAIN_DIR)/usr/lib/swift/pm/4_2 -target x86_64-apple-macosx10.10 -sdk /Applications/Xcode.app/Contents/Developer/Platforms/MacOSX.platform/Developer/SDKs/MacOSX10.15.sdk -package-description-version 5.2.0";
				SWIFT_VERSION = 5.0;
			};
			name = Release;
		};
/* End XCBuildConfiguration section */

/* Begin XCConfigurationList section */
		OBJ_103 /* Build configuration list for PBXAggregateTarget "portaudioPackageTests" */ = {
			isa = XCConfigurationList;
			buildConfigurations = (
				OBJ_104 /* Debug */,
				OBJ_105 /* Release */,
			);
			defaultConfigurationIsVisible = 0;
			defaultConfigurationName = Release;
		};
		OBJ_108 /* Build configuration list for PBXNativeTarget "portaudioTests" */ = {
			isa = XCConfigurationList;
			buildConfigurations = (
				OBJ_109 /* Debug */,
				OBJ_110 /* Release */,
			);
			defaultConfigurationIsVisible = 0;
			defaultConfigurationName = Release;
		};
		OBJ_2 /* Build configuration list for PBXProject "portaudio" */ = {
			isa = XCConfigurationList;
			buildConfigurations = (
				OBJ_3 /* Debug */,
				OBJ_4 /* Release */,
			);
			defaultConfigurationIsVisible = 0;
			defaultConfigurationName = Release;
		};
		OBJ_65 /* Build configuration list for PBXNativeTarget "libportaudio" */ = {
			isa = XCConfigurationList;
			buildConfigurations = (
				OBJ_66 /* Debug */,
				OBJ_67 /* Release */,
			);
			defaultConfigurationIsVisible = 0;
			defaultConfigurationName = Release;
		};
		OBJ_87 /* Build configuration list for PBXNativeTarget "portaudio" */ = {
			isa = XCConfigurationList;
			buildConfigurations = (
				OBJ_88 /* Debug */,
				OBJ_89 /* Release */,
			);
			defaultConfigurationIsVisible = 0;
			defaultConfigurationName = Release;
		};
		OBJ_97 /* Build configuration list for PBXNativeTarget "portaudioPackageDescription" */ = {
			isa = XCConfigurationList;
			buildConfigurations = (
				OBJ_98 /* Debug */,
				OBJ_99 /* Release */,
			);
			defaultConfigurationIsVisible = 0;
			defaultConfigurationName = Release;
		};
/* End XCConfigurationList section */
	};
	rootObject = OBJ_1 /* Project object */;
}
